
Microsoft Visual Studio Solution File, Format Version 12.00
# Visual Studio Version 18
VisualStudioVersion = 18.8.11925.187
MinimumVisualStudioVersion = 10.0.40219.1
Project("{FAE04EC0-301F-11D3-BF4B-00C04F79EFBC}") = "cCoder.Logging", "cCoder.Logging\cCoder.Logging.csproj", "{8C40B1BE-64BF-47FD-B80A-DF7D50BB87AE}"
EndProject
Project("{FAE04EC0-301F-11D3-BF4B-00C04F79EFBC}") = "cCoder.Logging.Tests", "cCoder.Logging.Tests\cCoder.Logging.Tests.csproj", "{8061A523-8C6A-40FC-8E12-329FBEFF7F6E}"
EndProject
Project("{2150E333-8FDC-42A3-9474-1A3956D46DE8}") = "Apps", "Apps", "{1787FE1D-075E-9E68-7218-25F1BD1BBEAB}"
EndProject
Project("{FAE04EC0-301F-11D3-BF4B-00C04F79EFBC}") = "Logging.Web", "Apps\Logging.Web\Logging.Web.csproj", "{B4D86B29-14D8-468B-B0C5-1CE8D22008B2}"
EndProject
Project("{FAE04EC0-301F-11D3-BF4B-00C04F79EFBC}") = "Logging.HostedServices", "Apps\Logging.HostedServices\Logging.HostedServices.csproj", "{261E229D-6E35-470E-955B-615CE7422C58}"
EndProject
Project("{FAE04EC0-301F-11D3-BF4B-00C04F79EFBC}") = "Logging.Web.AcceptanceTests", "Apps\Logging.Web.AcceptanceTests\Logging.Web.AcceptanceTests.csproj", "{0B2D1C86-EAFF-4147-ADBE-520B787211A1}"
EndProject
Project("{FAE04EC0-301F-11D3-BF4B-00C04F79EFBC}") = "Logging.HostedServices.AcceptanceTests", "Apps\Logging.HostedServices.AcceptanceTests\Logging.HostedServices.AcceptanceTests.csproj", "{CB1A7B79-A72B-40C0-B254-72590C7BE755}"
EndProject
Global
	GlobalSection(SolutionConfigurationPlatforms) = preSolution
		Debug|Any CPU = Debug|Any CPU
		Debug|x64 = Debug|x64
		Debug|x86 = Debug|x86
		Release|Any CPU = Release|Any CPU
		Release|x64 = Release|x64
		Release|x86 = Release|x86
	EndGlobalSection
	GlobalSection(ProjectConfigurationPlatforms) = postSolution
		{8C40B1BE-64BF-47FD-B80A-DF7D50BB87AE}.Debug|Any CPU.ActiveCfg = Debug|Any CPU
		{8C40B1BE-64BF-47FD-B80A-DF7D50BB87AE}.Debug|Any CPU.Build.0 = Debug|Any CPU
		{8C40B1BE-64BF-47FD-B80A-DF7D50BB87AE}.Debug|x64.ActiveCfg = Debug|Any CPU
		{8C40B1BE-64BF-47FD-B80A-DF7D50BB87AE}.Debug|x64.Build.0 = Debug|Any CPU
		{8C40B1BE-64BF-47FD-B80A-DF7D50BB87AE}.Debug|x86.ActiveCfg = Debug|Any CPU
		{8C40B1BE-64BF-47FD-B80A-DF7D50BB87AE}.Debug|x86.Build.0 = Debug|Any CPU
		{8C40B1BE-64BF-47FD-B80A-DF7D50BB87AE}.Release|Any CPU.ActiveCfg = Release|Any CPU
		{8C40B1BE-64BF-47FD-B80A-DF7D50BB87AE}.Release|Any CPU.Build.0 = Release|Any CPU
		{8C40B1BE-64BF-47FD-B80A-DF7D50BB87AE}.Release|x64.ActiveCfg = Release|Any CPU
		{8C40B1BE-64BF-47FD-B80A-DF7D50BB87AE}.Release|x64.Build.0 = Release|Any CPU
		{8C40B1BE-64BF-47FD-B80A-DF7D50BB87AE}.Release|x86.ActiveCfg = Release|Any CPU
		{8C40B1BE-64BF-47FD-B80A-DF7D50BB87AE}.Release|x86.Build.0 = Release|Any CPU
		{8061A523-8C6A-40FC-8E12-329FBEFF7F6E}.Debug|Any CPU.ActiveCfg = Debug|Any CPU
		{8061A523-8C6A-40FC-8E12-329FBEFF7F6E}.Debug|Any CPU.Build.0 = Debug|Any CPU
		{8061A523-8C6A-40FC-8E12-329FBEFF7F6E}.Debug|x64.ActiveCfg = Debug|Any CPU
		{8061A523-8C6A-40FC-8E12-329FBEFF7F6E}.Debug|x64.Build.0 = Debug|Any CPU
		{8061A523-8C6A-40FC-8E12-329FBEFF7F6E}.Debug|x86.ActiveCfg = Debug|Any CPU
		{8061A523-8C6A-40FC-8E12-329FBEFF7F6E}.Debug|x86.Build.0 = Debug|Any CPU
		{8061A523-8C6A-40FC-8E12-329FBEFF7F6E}.Release|Any CPU.ActiveCfg = Release|Any CPU
		{8061A523-8C6A-40FC-8E12-329FBEFF7F6E}.Release|Any CPU.Build.0 = Release|Any CPU
		{8061A523-8C6A-40FC-8E12-329FBEFF7F6E}.Release|x64.ActiveCfg = Release|Any CPU
		{8061A523-8C6A-40FC-8E12-329FBEFF7F6E}.Release|x64.Build.0 = Release|Any CPU
		{8061A523-8C6A-40FC-8E12-329FBEFF7F6E}.Release|x86.ActiveCfg = Release|Any CPU
		{8061A523-8C6A-40FC-8E12-329FBEFF7F6E}.Release|x86.Build.0 = Release|Any CPU
		{B4D86B29-14D8-468B-B0C5-1CE8D22008B2}.Debug|Any CPU.ActiveCfg = Debug|Any CPU
		{B4D86B29-14D8-468B-B0C5-1CE8D22008B2}.Debug|Any CPU.Build.0 = Debug|Any CPU
		{B4D86B29-14D8-468B-B0C5-1CE8D22008B2}.Debug|x64.ActiveCfg = Debug|Any CPU
		{B4D86B29-14D8-468B-B0C5-1CE8D22008B2}.Debug|x64.Build.0 = Debug|Any CPU
		{B4D86B29-14D8-468B-B0C5-1CE8D22008B2}.Debug|x86.ActiveCfg = Debug|Any CPU
		{B4D86B29-14D8-468B-B0C5-1CE8D22008B2}.Debug|x86.Build.0 = Debug|Any CPU
		{B4D86B29-14D8-468B-B0C5-1CE8D22008B2}.Release|Any CPU.ActiveCfg = Release|Any CPU
		{B4D86B29-14D8-468B-B0C5-1CE8D22008B2}.Release|Any CPU.Build.0 = Release|Any CPU
		{B4D86B29-14D8-468B-B0C5-1CE8D22008B2}.Release|x64.ActiveCfg = Release|Any CPU
		{B4D86B29-14D8-468B-B0C5-1CE8D22008B2}.Release|x64.Build.0 = Release|Any CPU
		{B4D86B29-14D8-468B-B0C5-1CE8D22008B2}.Release|x86.ActiveCfg = Release|Any CPU
		{B4D86B29-14D8-468B-B0C5-1CE8D22008B2}.Release|x86.Build.0 = Release|Any CPU
		{261E229D-6E35-470E-955B-615CE7422C58}.Debug|Any CPU.ActiveCfg = Debug|Any CPU
		{261E229D-6E35-470E-955B-615CE7422C58}.Debug|Any CPU.Build.0 = Debug|Any CPU
		{261E229D-6E35-470E-955B-615CE7422C58}.Debug|x64.ActiveCfg = Debug|Any CPU
		{261E229D-6E35-470E-955B-615CE7422C58}.Debug|x64.Build.0 = Debug|Any CPU
		{261E229D-6E35-470E-955B-615CE7422C58}.Debug|x86.ActiveCfg = Debug|Any CPU
		{261E229D-6E35-470E-955B-615CE7422C58}.Debug|x86.Build.0 = Debug|Any CPU
		{261E229D-6E35-470E-955B-615CE7422C58}.Release|Any CPU.ActiveCfg = Release|Any CPU
		{261E229D-6E35-470E-955B-615CE7422C58}.Release|Any CPU.Build.0 = Release|Any CPU
		{261E229D-6E35-470E-955B-615CE7422C58}.Release|x64.ActiveCfg = Release|Any CPU
		{261E229D-6E35-470E-955B-615CE7422C58}.Release|x64.Build.0 = Release|Any CPU
		{261E229D-6E35-470E-955B-615CE7422C58}.Release|x86.ActiveCfg = Release|Any CPU
		{261E229D-6E35-470E-955B-615CE7422C58}.Release|x86.Build.0 = Release|Any CPU
		{0B2D1C86-EAFF-4147-ADBE-520B787211A1}.Debug|Any CPU.ActiveCfg = Debug|Any CPU
		{0B2D1C86-EAFF-4147-ADBE-520B787211A1}.Debug|Any CPU.Build.0 = Debug|Any CPU
		{0B2D1C86-EAFF-4147-ADBE-520B787211A1}.Debug|x64.ActiveCfg = Debug|Any CPU
		{0B2D1C86-EAFF-4147-ADBE-520B787211A1}.Debug|x64.Build.0 = Debug|Any CPU
		{0B2D1C86-EAFF-4147-ADBE-520B787211A1}.Debug|x86.ActiveCfg = Debug|Any CPU
		{0B2D1C86-EAFF-4147-ADBE-520B787211A1}.Debug|x86.Build.0 = Debug|Any CPU
		{0B2D1C86-EAFF-4147-ADBE-520B787211A1}.Release|Any CPU.ActiveCfg = Release|Any CPU
		{0B2D1C86-EAFF-4147-ADBE-520B787211A1}.Release|Any CPU.Build.0 = Release|Any CPU
		{0B2D1C86-EAFF-4147-ADBE-520B787211A1}.Release|x64.ActiveCfg = Release|Any CPU
		{0B2D1C86-EAFF-4147-ADBE-520B787211A1}.Release|x64.Build.0 = Release|Any CPU
		{0B2D1C86-EAFF-4147-ADBE-520B787211A1}.Release|x86.ActiveCfg = Release|Any CPU
		{0B2D1C86-EAFF-4147-ADBE-520B787211A1}.Release|x86.Build.0 = Release|Any CPU
		{CB1A7B79-A72B-40C0-B254-72590C7BE755}.Debug|Any CPU.ActiveCfg = Debug|Any CPU
		{CB1A7B79-A72B-40C0-B254-72590C7BE755}.Debug|Any CPU.Build.0 = Debug|Any CPU
		{CB1A7B79-A72B-40C0-B254-72590C7BE755}.Debug|x64.ActiveCfg = Debug|Any CPU
		{CB1A7B79-A72B-40C0-B254-72590C7BE755}.Debug|x64.Build.0 = Debug|Any CPU
		{CB1A7B79-A72B-40C0-B254-72590C7BE755}.Debug|x86.ActiveCfg = Debug|Any CPU
		{CB1A7B79-A72B-40C0-B254-72590C7BE755}.Debug|x86.Build.0 = Debug|Any CPU
		{CB1A7B79-A72B-40C0-B254-72590C7BE755}.Release|Any CPU.ActiveCfg = Release|Any CPU
		{CB1A7B79-A72B-40C0-B254-72590C7BE755}.Release|Any CPU.Build.0 = Release|Any CPU
		{CB1A7B79-A72B-40C0-B254-72590C7BE755}.Release|x64.ActiveCfg = Release|Any CPU
		{CB1A7B79-A72B-40C0-B254-72590C7BE755}.Release|x64.Build.0 = Release|Any CPU
		{CB1A7B79-A72B-40C0-B254-72590C7BE755}.Release|x86.ActiveCfg = Release|Any CPU
		{CB1A7B79-A72B-40C0-B254-72590C7BE755}.Release|x86.Build.0 = Release|Any CPU
	EndGlobalSection
	GlobalSection(SolutionProperties) = preSolution
		HideSolutionNode = FALSE
	EndGlobalSection
	GlobalSection(NestedProjects) = preSolution
		{B4D86B29-14D8-468B-B0C5-1CE8D22008B2} = {1787FE1D-075E-9E68-7218-25F1BD1BBEAB}
		{261E229D-6E35-470E-955B-615CE7422C58} = {1787FE1D-075E-9E68-7218-25F1BD1BBEAB}
		{0B2D1C86-EAFF-4147-ADBE-520B787211A1} = {1787FE1D-075E-9E68-7218-25F1BD1BBEAB}
		{CB1A7B79-A72B-40C0-B254-72590C7BE755} = {1787FE1D-075E-9E68-7218-25F1BD1BBEAB}
	EndGlobalSection
EndGlobal
